{
  "socketPath": "\\\\.\\pipe\\mcp-8afb52b1-ea42-43fa-b9a5-46e00096785e.sock",
  "scheme": "pipe",
  "headers": {
    "Authorization": "Nonce f9aeb92a-3fc3-47f4-b0fd-2e1d6429c310"
  },
  "pid": 18136,
  "ideName": "Visual Studio Code",
  "timestamp": 1789038629362,
  "workspaceFolders": [
    "c:\\Users\\mohco\\.copilot"
  ],
  "isTrusted": true
}