{
  "socketPath": "\\\\.\\pipe\\mcp-38ed4748-3570-4591-9db6-c652f61471d4.sock",
  "scheme": "pipe",
  "headers": {
    "Authorization": "Nonce 7c26debc-0809-4b0c-8449-5c1f23054262"
  },
  "pid": 24712,
  "ideName": "Visual Studio Code",
  "timestamp": 1789038625722,
  "workspaceFolders": [
    "c:\\Users\\mohco\\.copilot"
  ],
  "isTrusted": true
}